
Microsoft Visual Studio Solution File, Format Version 12.00
# Visual Studio Version 16
VisualStudioVersion = 16.0.29911.84
MinimumVisualStudioVersion = 10.0.40219.1
Project("{FAE04EC0-301F-11D3-BF4B-00C04F79EFBC}") = "SR", "SR\SR.csproj", "{81149FC7-B1B1-4B89-96A9-06C62F193ACD}"
EndProject
Global
	GlobalSection(SolutionConfigurationPlatforms) = preSolution
		Debug|Any CPU = Debug|Any CPU
		Release|Any CPU = Release|Any CPU
	EndGlobalSection
	GlobalSection(ProjectConfigurationPlatforms) = postSolution
		{81149FC7-B1B1-4B89-96A9-06C62F193ACD}.Debug|Any CPU.ActiveCfg = Debug|Any CPU
		{81149FC7-B1B1-4B89-96A9-06C62F193ACD}.Debug|Any CPU.Build.0 = Debug|Any CPU
		{81149FC7-B1B1-4B89-96A9-06C62F193ACD}.Release|Any CPU.ActiveCfg = Release|Any CPU
		{81149FC7-B1B1-4B89-96A9-06C62F193ACD}.Release|Any CPU.Build.0 = Release|Any CPU
	EndGlobalSection
	GlobalSection(SolutionProperties) = preSolution
		HideSolutionNode = FALSE
	EndGlobalSection
	GlobalSection(ExtensibilityGlobals) = postSolution
		SolutionGuid = {61124342-EA17-41A0-869D-3EE326DAED35}
	EndGlobalSection
EndGlobal
